
Microsoft Visual Studio Solution File, Format Version 12.00
# Visual Studio Version 17
VisualStudioVersion = 17.0.32112.339
MinimumVisualStudioVersion = 10.0.40219.1
Project("{FAE04EC0-301F-11D3-BF4B-00C04F79EFBC}") = "MajnSvýpr", "MajnSvýpr\MajnSvýpr.csproj", "{A8322EA7-455E-460D-8610-0E1E4BB670DC}"
EndProject
Global
	GlobalSection(SolutionConfigurationPlatforms) = preSolution
		Debug|Any CPU = Debug|Any CPU
		Release|Any CPU = Release|Any CPU
	EndGlobalSection
	GlobalSection(ProjectConfigurationPlatforms) = postSolution
		{A8322EA7-455E-460D-8610-0E1E4BB670DC}.Debug|Any CPU.ActiveCfg = Debug|Any CPU
		{A8322EA7-455E-460D-8610-0E1E4BB670DC}.Debug|Any CPU.Build.0 = Debug|Any CPU
		{A8322EA7-455E-460D-8610-0E1E4BB670DC}.Release|Any CPU.ActiveCfg = Release|Any CPU
		{A8322EA7-455E-460D-8610-0E1E4BB670DC}.Release|Any CPU.Build.0 = Release|Any CPU
	EndGlobalSection
	GlobalSection(SolutionProperties) = preSolution
		HideSolutionNode = FALSE
	EndGlobalSection
	GlobalSection(ExtensibilityGlobals) = postSolution
		SolutionGuid = {3D2FA23F-AD43-4A17-ACDA-23EEF34AB50E}
	EndGlobalSection
EndGlobal
